{
  "originHash" : "08a341a52b52e4e569cc50c81bdec174d7df125ee12e2e26c3daf55bc033b502",
  "pins" : [
    {
      "identity" : "essentials",
      "kind" : "remoteSourceControl",
      "location" : "https://www.github.com/Vaida12345/Essentials",
      "state" : {
        "revision" : "3449427020cb41b83a730832984324fc1270d7c1",
        "version" : "1.0.15"
      }
    }
  ],
  "version" : 3
}
