{
  "originHash" : "08a341a52b52e4e569cc50c81bdec174d7df125ee12e2e26c3daf55bc033b502",
  "pins" : [
    {
      "identity" : "essentials",
      "kind" : "remoteSourceControl",
      "location" : "https://www.github.com/Vaida12345/Essentials",
      "state" : {
        "revision" : "61227bf3938002ce8709860c0520f46a5fd3fed5",
        "version" : "1.0.10"
      }
    }
  ],
  "version" : 3
}
