{
  "originHash" : "e007fb584c2be203b2343fb9a26d6e1679e91501bf8591f8bd62f34ecb59be6c",
  "pins" : [
    {
      "identity" : "detaileddescription",
      "kind" : "remoteSourceControl",
      "location" : "https://www.github.com/Vaida12345/DetailedDescription",
      "state" : {
        "revision" : "30d0c3d0fd0c21f42db6d91d44263b1f0dc3bfd0",
        "version" : "2.0.4"
      }
    },
    {
      "identity" : "essentials",
      "kind" : "remoteSourceControl",
      "location" : "https://www.github.com/Vaida12345/Essentials",
      "state" : {
        "revision" : "0b5cb44dc259f73ea27b8fd4d83089fff4c1580a",
        "version" : "1.0.45"
      }
    }
  ],
  "version" : 3
}
